// !$*UTF8*$!
{
	archiveVersion = 1;
	classes = {
	};
	objectVersion = 46;
	objects = {

/* Begin PBXBuildFile section */
		F633EE331BDF7A9F00941FAD /* Act.framework in Frameworks */ = {isa = PBXBuildFile; fileRef = F633EE321BDF7A9F00941FAD /* Act.framework */; };
		F633EE341BDF7A9F00941FAD /* Act.framework in Embed Frameworks */ = {isa = PBXBuildFile; fileRef = F633EE321BDF7A9F00941FAD /* Act.framework */; settings = {ATTRIBUTES = (CodeSignOnCopy, RemoveHeadersOnCopy, ); }; };
		F65EA99C1BDF056300167F45 /* AppDelegate.swift in Sources */ = {isa = PBXBuildFile; fileRef = F65EA99B1BDF056300167F45 /* AppDelegate.swift */; };
		F65EA99E1BDF056300167F45 /* ViewController.swift in Sources */ = {isa = PBXBuildFile; fileRef = F65EA99D1BDF056300167F45 /* ViewController.swift */; };
		F65EA9A11BDF056300167F45 /* Main.storyboard in Resources */ = {isa = PBXBuildFile; fileRef = F65EA99F1BDF056300167F45 /* Main.storyboard */; };
		F65EA9A31BDF056300167F45 /* Assets.xcassets in Resources */ = {isa = PBXBuildFile; fileRef = F65EA9A21BDF056300167F45 /* Assets.xcassets */; };
		F65EA9A61BDF056300167F45 /* LaunchScreen.storyboard in Resources */ = {isa = PBXBuildFile; fileRef = F65EA9A41BDF056300167F45 /* LaunchScreen.storyboard */; };
		F65EA9B01BDF060200167F45 /* ControllerKit.framework in Frameworks */ = {isa = PBXBuildFile; fileRef = F65EA9AF1BDF060200167F45 /* ControllerKit.framework */; };
		F65EA9B11BDF060200167F45 /* ControllerKit.framework in Embed Frameworks */ = {isa = PBXBuildFile; fileRef = F65EA9AF1BDF060200167F45 /* ControllerKit.framework */; settings = {ATTRIBUTES = (CodeSignOnCopy, RemoveHeadersOnCopy, ); }; };
/* End PBXBuildFile section */

/* Begin PBXCopyFilesBuildPhase section */
		F65EA9B21BDF060200167F45 /* Embed Frameworks */ = {
			isa = PBXCopyFilesBuildPhase;
			buildActionMask = 2147483647;
			dstPath = "";
			dstSubfolderSpec = 10;
			files = (
				F65EA9B11BDF060200167F45 /* ControllerKit.framework in Embed Frameworks */,
				F633EE341BDF7A9F00941FAD /* Act.framework in Embed Frameworks */,
			);
			name = "Embed Frameworks";
			runOnlyForDeploymentPostprocessing = 0;
		};
/* End PBXCopyFilesBuildPhase section */

/* Begin PBXFileReference section */
		F633EE321BDF7A9F00941FAD /* Act.framework */ = {isa = PBXFileReference; explicitFileType = wrapper.framework; path = Act.framework; sourceTree = BUILT_PRODUCTS_DIR; };
		F65EA9981BDF056300167F45 /* ClientTest.app */ = {isa = PBXFileReference; explicitFileType = wrapper.application; includeInIndex = 0; path = ClientTest.app; sourceTree = BUILT_PRODUCTS_DIR; };
		F65EA99B1BDF056300167F45 /* AppDelegate.swift */ = {isa = PBXFileReference; lastKnownFileType = sourcecode.swift; path = AppDelegate.swift; sourceTree = "<group>"; };
		F65EA99D1BDF056300167F45 /* ViewController.swift */ = {isa = PBXFileReference; lastKnownFileType = sourcecode.swift; path = ViewController.swift; sourceTree = "<group>"; };
		F65EA9A01BDF056300167F45 /* Base */ = {isa = PBXFileReference; lastKnownFileType = file.storyboard; name = Base; path = Base.lproj/Main.storyboard; sourceTree = "<group>"; };
		F65EA9A21BDF056300167F45 /* Assets.xcassets */ = {isa = PBXFileReference; lastKnownFileType = folder.assetcatalog; path = Assets.xcassets; sourceTree = "<group>"; };
		F65EA9A51BDF056300167F45 /* Base */ = {isa = PBXFileReference; lastKnownFileType = file.storyboard; name = Base; path = Base.lproj/LaunchScreen.storyboard; sourceTree = "<group>"; };
		F65EA9A71BDF056300167F45 /* Info.plist */ = {isa = PBXFileReference; lastKnownFileType = text.plist.xml; path = Info.plist; sourceTree = "<group>"; };
		F65EA9AF1BDF060200167F45 /* ControllerKit.framework */ = {isa = PBXFileReference; explicitFileType = wrapper.framework; path = ControllerKit.framework; sourceTree = BUILT_PRODUCTS_DIR; };
/* End PBXFileReference section */

/* Begin PBXFrameworksBuildPhase section */
		F65EA9951BDF056300167F45 /* Frameworks */ = {
			isa = PBXFrameworksBuildPhase;
			buildActionMask = 2147483647;
			files = (
				F65EA9B01BDF060200167F45 /* ControllerKit.framework in Frameworks */,
				F633EE331BDF7A9F00941FAD /* Act.framework in Frameworks */,
			);
			runOnlyForDeploymentPostprocessing = 0;
		};
/* End PBXFrameworksBuildPhase section */

/* Begin PBXGroup section */
		F65EA98F1BDF056300167F45 = {
			isa = PBXGroup;
			children = (
				F633EE321BDF7A9F00941FAD /* Act.framework */,
				F65EA9AF1BDF060200167F45 /* ControllerKit.framework */,
				F65EA99A1BDF056300167F45 /* ClientTest */,
				F65EA9991BDF056300167F45 /* Products */,
			);
			sourceTree = "<group>";
		};
		F65EA9991BDF056300167F45 /* Products */ = {
			isa = PBXGroup;
			children = (
				F65EA9981BDF056300167F45 /* ClientTest.app */,
			);
			name = Products;
			sourceTree = "<group>";
		};
		F65EA99A1BDF056300167F45 /* ClientTest */ = {
			isa = PBXGroup;
			children = (
				F65EA99B1BDF056300167F45 /* AppDelegate.swift */,
				F65EA99D1BDF056300167F45 /* ViewController.swift */,
				F65EA99F1BDF056300167F45 /* Main.storyboard */,
				F65EA9A21BDF056300167F45 /* Assets.xcassets */,
				F65EA9A41BDF056300167F45 /* LaunchScreen.storyboard */,
				F65EA9A71BDF056300167F45 /* Info.plist */,
			);
			path = ClientTest;
			sourceTree = "<group>";
		};
/* End PBXGroup section */

/* Begin PBXNativeTarget section */
		F65EA9971BDF056300167F45 /* ClientTest */ = {
			isa = PBXNativeTarget;
			buildConfigurationList = F65EA9AA1BDF056300167F45 /* Build configuration list for PBXNativeTarget "ClientTest" */;
			buildPhases = (
				F65EA9941BDF056300167F45 /* Sources */,
				F65EA9951BDF056300167F45 /* Frameworks */,
				F65EA9961BDF056300167F45 /* Resources */,
				F65EA9B21BDF060200167F45 /* Embed Frameworks */,
			);
			buildRules = (
			);
			dependencies = (
			);
			name = ClientTest;
			productName = ClientTest;
			productReference = F65EA9981BDF056300167F45 /* ClientTest.app */;
			productType = "com.apple.product-type.application";
		};
/* End PBXNativeTarget section */

/* Begin PBXProject section */
		F65EA9901BDF056300167F45 /* Project object */ = {
			isa = PBXProject;
			attributes = {
				LastUpgradeCheck = 0700;
				ORGANIZATIONNAME = "Robin Goos";
				TargetAttributes = {
					F65EA9971BDF056300167F45 = {
						CreatedOnToolsVersion = 7.0.1;
					};
				};
			};
			buildConfigurationList = F65EA9931BDF056300167F45 /* Build configuration list for PBXProject "ClientTest" */;
			compatibilityVersion = "Xcode 3.2";
			developmentRegion = English;
			hasScannedForEncodings = 0;
			knownRegions = (
				en,
				Base,
			);
			mainGroup = F65EA98F1BDF056300167F45;
			productRefGroup = F65EA9991BDF056300167F45 /* Products */;
			projectDirPath = "";
			projectRoot = "";
			targets = (
				F65EA9971BDF056300167F45 /* ClientTest */,
			);
		};
/* End PBXProject section */

/* Begin PBXResourcesBuildPhase section */
		F65EA9961BDF056300167F45 /* Resources */ = {
			isa = PBXResourcesBuildPhase;
			buildActionMask = 2147483647;
			files = (
				F65EA9A61BDF056300167F45 /* LaunchScreen.storyboard in Resources */,
				F65EA9A31BDF056300167F45 /* Assets.xcassets in Resources */,
				F65EA9A11BDF056300167F45 /* Main.storyboard in Resources */,
			);
			runOnlyForDeploymentPostprocessing = 0;
		};
/* End PBXResourcesBuildPhase section */

/* Begin PBXSourcesBuildPhase section */
		F65EA9941BDF056300167F45 /* Sources */ = {
			isa = PBXSourcesBuildPhase;
			buildActionMask = 2147483647;
			files = (
				F65EA99E1BDF056300167F45 /* ViewController.swift in Sources */,
				F65EA99C1BDF056300167F45 /* AppDelegate.swift in Sources */,
			);
			runOnlyForDeploymentPostprocessing = 0;
		};
/* End PBXSourcesBuildPhase section */

/* Begin PBXVariantGroup section */
		F65EA99F1BDF056300167F45 /* Main.storyboard */ = {
			isa = PBXVariantGroup;
			children = (
				F65EA9A01BDF056300167F45 /* Base */,
			);
			name = Main.storyboard;
			sourceTree = "<group>";
		};
		F65EA9A41BDF056300167F45 /* LaunchScreen.storyboard */ = {
			isa = PBXVariantGroup;
			children = (
				F65EA9A51BDF056300167F45 /* Base */,
			);
			name = LaunchScreen.storyboard;
			sourceTree = "<group>";
		};
/* End PBXVariantGroup section */

/* Begin XCBuildConfiguration section */
		F65EA9A81BDF056300167F45 /* Debug */ = {
			isa = XCBuildConfiguration;
			buildSettings = {
				ALWAYS_SEARCH_USER_PATHS = NO;
				CLANG_CXX_LANGUAGE_STANDARD = "gnu++0x";
				CLANG_CXX_LIBRARY = "libc++";
				CLANG_ENABLE_MODULES = YES;
				CLANG_ENABLE_OBJC_ARC = YES;
				CLANG_WARN_BOOL_CONVERSION = YES;
				CLANG_WARN_CONSTANT_CONVERSION = YES;
				CLANG_WARN_DIRECT_OBJC_ISA_USAGE = YES_ERROR;
				CLANG_WARN_EMPTY_BODY = YES;
				CLANG_WARN_ENUM_CONVERSION = YES;
				CLANG_WARN_INT_CONVERSION = YES;
				CLANG_WARN_OBJC_ROOT_CLASS = YES_ERROR;
				CLANG_WARN_UNREACHABLE_CODE = YES;
				CLANG_WARN__DUPLICATE_METHOD_MATCH = YES;
				"CODE_SIGN_IDENTITY[sdk=iphoneos*]" = "iPhone Developer";
				COPY_PHASE_STRIP = NO;
				DEBUG_INFORMATION_FORMAT = dwarf;
				ENABLE_STRICT_OBJC_MSGSEND = YES;
				ENABLE_TESTABILITY = YES;
				GCC_C_LANGUAGE_STANDARD = gnu99;
				GCC_DYNAMIC_NO_PIC = NO;
				GCC_NO_COMMON_BLOCKS = YES;
				GCC_OPTIMIZATION_LEVEL = 0;
				GCC_PREPROCESSOR_DEFINITIONS = (
					"DEBUG=1",
					"$(inherited)",
				);
				GCC_WARN_64_TO_32_BIT_CONVERSION = YES;
				GCC_WARN_ABOUT_RETURN_TYPE = YES_ERROR;
				GCC_WARN_UNDECLARED_SELECTOR = YES;
				GCC_WARN_UNINITIALIZED_AUTOS = YES_AGGRESSIVE;
				GCC_WARN_UNUSED_FUNCTION = YES;
				GCC_WARN_UNUSED_VARIABLE = YES;
				IPHONEOS_DEPLOYMENT_TARGET = 9.0;
				MTL_ENABLE_DEBUG_INFO = YES;
				ONLY_ACTIVE_ARCH = YES;
				SDKROOT = iphoneos;
				SWIFT_OPTIMIZATION_LEVEL = "-Onone";
				TARGETED_DEVICE_FAMILY = "1,2";
			};
			name = Debug;
		};
		F65EA9A91BDF056300167F45 /* Release */ = {
			isa = XCBuildConfiguration;
			buildSettings = {
				ALWAYS_SEARCH_USER_PATHS = NO;
				CLANG_CXX_LANGUAGE_STANDARD = "gnu++0x";
				CLANG_CXX_LIBRARY = "libc++";
				CLANG_ENABLE_MODULES = YES;
				CLANG_ENABLE_OBJC_ARC = YES;
				CLANG_WARN_BOOL_CONVERSION = YES;
				CLANG_WARN_CONSTANT_CONVERSION = YES;
				CLANG_WARN_DIRECT_OBJC_ISA_USAGE = YES_ERROR;
				CLANG_WARN_EMPTY_BODY = YES;
				CLANG_WARN_ENUM_CONVERSION = YES;
				CLANG_WARN_INT_CONVERSION = YES;
				CLANG_WARN_OBJC_ROOT_CLASS = YES_ERROR;
				CLANG_WARN_UNREACHABLE_CODE = YES;
				CLANG_WARN__DUPLICATE_METHOD_MATCH = YES;
				"CODE_SIGN_IDENTITY[sdk=iphoneos*]" = "iPhone Developer";
				COPY_PHASE_STRIP = NO;
				DEBUG_INFORMATION_FORMAT = "dwarf-with-dsym";
				ENABLE_NS_ASSERTIONS = NO;
				ENABLE_STRICT_OBJC_MSGSEND = YES;
				GCC_C_LANGUAGE_STANDARD = gnu99;
				GCC_NO_COMMON_BLOCKS = YES;
				GCC_WARN_64_TO_32_BIT_CONVERSION = YES;
				GCC_WARN_ABOUT_RETURN_TYPE = YES_ERROR;
				GCC_WARN_UNDECLARED_SELECTOR = YES;
				GCC_WARN_UNINITIALIZED_AUTOS = YES_AGGRESSIVE;
				GCC_WARN_UNUSED_FUNCTION = YES;
				GCC_WARN_UNUSED_VARIABLE = YES;
				IPHONEOS_DEPLOYMENT_TARGET = 9.0;
				MTL_ENABLE_DEBUG_INFO = NO;
				SDKROOT = iphoneos;
				TARGETED_DEVICE_FAMILY = "1,2";
				VALIDATE_PRODUCT = YES;
			};
			name = Release;
		};
		F65EA9AB1BDF056300167F45 /* Debug */ = {
			isa = XCBuildConfiguration;
			buildSettings = {
				ASSETCATALOG_COMPILER_APPICON_NAME = AppIcon;
				INFOPLIST_FILE = ClientTest/Info.plist;
				IPHONEOS_DEPLOYMENT_TARGET = 8.0;
				LD_RUNPATH_SEARCH_PATHS = "$(inherited) @executable_path/Frameworks";
				PRODUCT_BUNDLE_IDENTIFIER = com.goos.ClientTest;
				PRODUCT_NAME = "$(TARGET_NAME)";
			};
			name = Debug;
		};
		F65EA9AC1BDF056300167F45 /* Release */ = {
			isa = XCBuildConfiguration;
			buildSettings = {
				ASSETCATALOG_COMPILER_APPICON_NAME = AppIcon;
				INFOPLIST_FILE = ClientTest/Info.plist;
				IPHONEOS_DEPLOYMENT_TARGET = 8.0;
				LD_RUNPATH_SEARCH_PATHS = "$(inherited) @executable_path/Frameworks";
				PRODUCT_BUNDLE_IDENTIFIER = com.goos.ClientTest;
				PRODUCT_NAME = "$(TARGET_NAME)";
			};
			name = Release;
		};
/* End XCBuildConfiguration section */

/* Begin XCConfigurationList section */
		F65EA9931BDF056300167F45 /* Build configuration list for PBXProject "ClientTest" */ = {
			isa = XCConfigurationList;
			buildConfigurations = (
				F65EA9A81BDF056300167F45 /* Debug */,
				F65EA9A91BDF056300167F45 /* Release */,
			);
			defaultConfigurationIsVisible = 0;
			defaultConfigurationName = Release;
		};
		F65EA9AA1BDF056300167F45 /* Build configuration list for PBXNativeTarget "ClientTest" */ = {
			isa = XCConfigurationList;
			buildConfigurations = (
				F65EA9AB1BDF056300167F45 /* Debug */,
				F65EA9AC1BDF056300167F45 /* Release */,
			);
			defaultConfigurationIsVisible = 0;
			defaultConfigurationName = Release;
		};
/* End XCConfigurationList section */
	};
	rootObject = F65EA9901BDF056300167F45 /* Project object */;
}
