// !$*UTF8*$!
{
	archiveVersion = 1;
	classes = {
	};
	objectVersion = 46;
	objects = {

/* Begin PBXBuildFile section */
		F65EA97B1BDF018B00167F45 /* AppDelegate.swift in Sources */ = {isa = PBXBuildFile; fileRef = F65EA97A1BDF018B00167F45 /* AppDelegate.swift */; };
		F65EA97D1BDF018B00167F45 /* Assets.xcassets in Resources */ = {isa = PBXBuildFile; fileRef = F65EA97C1BDF018B00167F45 /* Assets.xcassets */; };
		F65EA9801BDF018B00167F45 /* MainMenu.xib in Resources */ = {isa = PBXBuildFile; fileRef = F65EA97E1BDF018B00167F45 /* MainMenu.xib */; };
		F65EA98E1BDF048A00167F45 /* ControllerKit.framework in Frameworks */ = {isa = PBXBuildFile; fileRef = F65EA98D1BDF048A00167F45 /* ControllerKit.framework */; };
/* End PBXBuildFile section */

/* Begin PBXFileReference section */
		F65EA9771BDF018B00167F45 /* ServerTest.app */ = {isa = PBXFileReference; explicitFileType = wrapper.application; includeInIndex = 0; path = ServerTest.app; sourceTree = BUILT_PRODUCTS_DIR; };
		F65EA97A1BDF018B00167F45 /* AppDelegate.swift */ = {isa = PBXFileReference; lastKnownFileType = sourcecode.swift; path = AppDelegate.swift; sourceTree = "<group>"; };
		F65EA97C1BDF018B00167F45 /* Assets.xcassets */ = {isa = PBXFileReference; lastKnownFileType = folder.assetcatalog; path = Assets.xcassets; sourceTree = "<group>"; };
		F65EA97F1BDF018B00167F45 /* Base */ = {isa = PBXFileReference; lastKnownFileType = file.xib; name = Base; path = Base.lproj/MainMenu.xib; sourceTree = "<group>"; };
		F65EA9811BDF018B00167F45 /* Info.plist */ = {isa = PBXFileReference; lastKnownFileType = text.plist.xml; path = Info.plist; sourceTree = "<group>"; };
		F65EA98D1BDF048A00167F45 /* ControllerKit.framework */ = {isa = PBXFileReference; lastKnownFileType = wrapper.framework; name = ControllerKit.framework; path = ../../build/Debug/ControllerKit.framework; sourceTree = "<group>"; };
/* End PBXFileReference section */

/* Begin PBXFrameworksBuildPhase section */
		F65EA9741BDF018B00167F45 /* Frameworks */ = {
			isa = PBXFrameworksBuildPhase;
			buildActionMask = 2147483647;
			files = (
				F65EA98E1BDF048A00167F45 /* ControllerKit.framework in Frameworks */,
			);
			runOnlyForDeploymentPostprocessing = 0;
		};
/* End PBXFrameworksBuildPhase section */

/* Begin PBXGroup section */
		F65EA96E1BDF018B00167F45 = {
			isa = PBXGroup;
			children = (
				F65EA98D1BDF048A00167F45 /* ControllerKit.framework */,
				F65EA9791BDF018B00167F45 /* ServerTest */,
				F65EA9781BDF018B00167F45 /* Products */,
			);
			sourceTree = "<group>";
		};
		F65EA9781BDF018B00167F45 /* Products */ = {
			isa = PBXGroup;
			children = (
				F65EA9771BDF018B00167F45 /* ServerTest.app */,
			);
			name = Products;
			sourceTree = "<group>";
		};
		F65EA9791BDF018B00167F45 /* ServerTest */ = {
			isa = PBXGroup;
			children = (
				F65EA97A1BDF018B00167F45 /* AppDelegate.swift */,
				F65EA97C1BDF018B00167F45 /* Assets.xcassets */,
				F65EA97E1BDF018B00167F45 /* MainMenu.xib */,
				F65EA9811BDF018B00167F45 /* Info.plist */,
			);
			path = ServerTest;
			sourceTree = "<group>";
		};
/* End PBXGroup section */

/* Begin PBXNativeTarget section */
		F65EA9761BDF018B00167F45 /* ServerTest */ = {
			isa = PBXNativeTarget;
			buildConfigurationList = F65EA9841BDF018B00167F45 /* Build configuration list for PBXNativeTarget "ServerTest" */;
			buildPhases = (
				F65EA9731BDF018B00167F45 /* Sources */,
				F65EA9741BDF018B00167F45 /* Frameworks */,
				F65EA9751BDF018B00167F45 /* Resources */,
			);
			buildRules = (
			);
			dependencies = (
			);
			name = ServerTest;
			productName = ServerTest;
			productReference = F65EA9771BDF018B00167F45 /* ServerTest.app */;
			productType = "com.apple.product-type.application";
		};
/* End PBXNativeTarget section */

/* Begin PBXProject section */
		F65EA96F1BDF018B00167F45 /* Project object */ = {
			isa = PBXProject;
			attributes = {
				LastUpgradeCheck = 0700;
				ORGANIZATIONNAME = "Robin Goos";
				TargetAttributes = {
					F65EA9761BDF018B00167F45 = {
						CreatedOnToolsVersion = 7.0.1;
					};
				};
			};
			buildConfigurationList = F65EA9721BDF018B00167F45 /* Build configuration list for PBXProject "ServerTest" */;
			compatibilityVersion = "Xcode 3.2";
			developmentRegion = English;
			hasScannedForEncodings = 0;
			knownRegions = (
				en,
				Base,
			);
			mainGroup = F65EA96E1BDF018B00167F45;
			productRefGroup = F65EA9781BDF018B00167F45 /* Products */;
			projectDirPath = "";
			projectRoot = "";
			targets = (
				F65EA9761BDF018B00167F45 /* ServerTest */,
			);
		};
/* End PBXProject section */

/* Begin PBXResourcesBuildPhase section */
		F65EA9751BDF018B00167F45 /* Resources */ = {
			isa = PBXResourcesBuildPhase;
			buildActionMask = 2147483647;
			files = (
				F65EA97D1BDF018B00167F45 /* Assets.xcassets in Resources */,
				F65EA9801BDF018B00167F45 /* MainMenu.xib in Resources */,
			);
			runOnlyForDeploymentPostprocessing = 0;
		};
/* End PBXResourcesBuildPhase section */

/* Begin PBXSourcesBuildPhase section */
		F65EA9731BDF018B00167F45 /* Sources */ = {
			isa = PBXSourcesBuildPhase;
			buildActionMask = 2147483647;
			files = (
				F65EA97B1BDF018B00167F45 /* AppDelegate.swift in Sources */,
			);
			runOnlyForDeploymentPostprocessing = 0;
		};
/* End PBXSourcesBuildPhase section */

/* Begin PBXVariantGroup section */
		F65EA97E1BDF018B00167F45 /* MainMenu.xib */ = {
			isa = PBXVariantGroup;
			children = (
				F65EA97F1BDF018B00167F45 /* Base */,
			);
			name = MainMenu.xib;
			sourceTree = "<group>";
		};
/* End PBXVariantGroup section */

/* Begin XCBuildConfiguration section */
		F65EA9821BDF018B00167F45 /* Debug */ = {
			isa = XCBuildConfiguration;
			buildSettings = {
				ALWAYS_SEARCH_USER_PATHS = NO;
				CLANG_CXX_LANGUAGE_STANDARD = "gnu++0x";
				CLANG_CXX_LIBRARY = "libc++";
				CLANG_ENABLE_MODULES = YES;
				CLANG_ENABLE_OBJC_ARC = YES;
				CLANG_WARN_BOOL_CONVERSION = YES;
				CLANG_WARN_CONSTANT_CONVERSION = YES;
				CLANG_WARN_DIRECT_OBJC_ISA_USAGE = YES_ERROR;
				CLANG_WARN_EMPTY_BODY = YES;
				CLANG_WARN_ENUM_CONVERSION = YES;
				CLANG_WARN_INT_CONVERSION = YES;
				CLANG_WARN_OBJC_ROOT_CLASS = YES_ERROR;
				CLANG_WARN_UNREACHABLE_CODE = YES;
				CLANG_WARN__DUPLICATE_METHOD_MATCH = YES;
				CODE_SIGN_IDENTITY = "-";
				COPY_PHASE_STRIP = NO;
				DEBUG_INFORMATION_FORMAT = dwarf;
				ENABLE_STRICT_OBJC_MSGSEND = YES;
				ENABLE_TESTABILITY = YES;
				GCC_C_LANGUAGE_STANDARD = gnu99;
				GCC_DYNAMIC_NO_PIC = NO;
				GCC_NO_COMMON_BLOCKS = YES;
				GCC_OPTIMIZATION_LEVEL = 0;
				GCC_PREPROCESSOR_DEFINITIONS = (
					"DEBUG=1",
					"$(inherited)",
				);
				GCC_WARN_64_TO_32_BIT_CONVERSION = YES;
				GCC_WARN_ABOUT_RETURN_TYPE = YES_ERROR;
				GCC_WARN_UNDECLARED_SELECTOR = YES;
				GCC_WARN_UNINITIALIZED_AUTOS = YES_AGGRESSIVE;
				GCC_WARN_UNUSED_FUNCTION = YES;
				GCC_WARN_UNUSED_VARIABLE = YES;
				MACOSX_DEPLOYMENT_TARGET = 10.11;
				MTL_ENABLE_DEBUG_INFO = YES;
				ONLY_ACTIVE_ARCH = YES;
				SDKROOT = macosx;
				SWIFT_OPTIMIZATION_LEVEL = "-Onone";
			};
			name = Debug;
		};
		F65EA9831BDF018B00167F45 /* Release */ = {
			isa = XCBuildConfiguration;
			buildSettings = {
				ALWAYS_SEARCH_USER_PATHS = NO;
				CLANG_CXX_LANGUAGE_STANDARD = "gnu++0x";
				CLANG_CXX_LIBRARY = "libc++";
				CLANG_ENABLE_MODULES = YES;
				CLANG_ENABLE_OBJC_ARC = YES;
				CLANG_WARN_BOOL_CONVERSION = YES;
				CLANG_WARN_CONSTANT_CONVERSION = YES;
				CLANG_WARN_DIRECT_OBJC_ISA_USAGE = YES_ERROR;
				CLANG_WARN_EMPTY_BODY = YES;
				CLANG_WARN_ENUM_CONVERSION = YES;
				CLANG_WARN_INT_CONVERSION = YES;
				CLANG_WARN_OBJC_ROOT_CLASS = YES_ERROR;
				CLANG_WARN_UNREACHABLE_CODE = YES;
				CLANG_WARN__DUPLICATE_METHOD_MATCH = YES;
				CODE_SIGN_IDENTITY = "-";
				COPY_PHASE_STRIP = NO;
				DEBUG_INFORMATION_FORMAT = "dwarf-with-dsym";
				ENABLE_NS_ASSERTIONS = NO;
				ENABLE_STRICT_OBJC_MSGSEND = YES;
				GCC_C_LANGUAGE_STANDARD = gnu99;
				GCC_NO_COMMON_BLOCKS = YES;
				GCC_WARN_64_TO_32_BIT_CONVERSION = YES;
				GCC_WARN_ABOUT_RETURN_TYPE = YES_ERROR;
				GCC_WARN_UNDECLARED_SELECTOR = YES;
				GCC_WARN_UNINITIALIZED_AUTOS = YES_AGGRESSIVE;
				GCC_WARN_UNUSED_FUNCTION = YES;
				GCC_WARN_UNUSED_VARIABLE = YES;
				MACOSX_DEPLOYMENT_TARGET = 10.11;
				MTL_ENABLE_DEBUG_INFO = NO;
				SDKROOT = macosx;
			};
			name = Release;
		};
		F65EA9851BDF018B00167F45 /* Debug */ = {
			isa = XCBuildConfiguration;
			buildSettings = {
				ASSETCATALOG_COMPILER_APPICON_NAME = AppIcon;
				COMBINE_HIDPI_IMAGES = YES;
				INFOPLIST_FILE = ServerTest/Info.plist;
				LD_RUNPATH_SEARCH_PATHS = "$(inherited) @executable_path/../Frameworks";
				MACOSX_DEPLOYMENT_TARGET = 10.10;
				PRODUCT_BUNDLE_IDENTIFIER = com.goos.ServerTest;
				PRODUCT_NAME = "$(TARGET_NAME)";
			};
			name = Debug;
		};
		F65EA9861BDF018B00167F45 /* Release */ = {
			isa = XCBuildConfiguration;
			buildSettings = {
				ASSETCATALOG_COMPILER_APPICON_NAME = AppIcon;
				COMBINE_HIDPI_IMAGES = YES;
				INFOPLIST_FILE = ServerTest/Info.plist;
				LD_RUNPATH_SEARCH_PATHS = "$(inherited) @executable_path/../Frameworks";
				MACOSX_DEPLOYMENT_TARGET = 10.10;
				PRODUCT_BUNDLE_IDENTIFIER = com.goos.ServerTest;
				PRODUCT_NAME = "$(TARGET_NAME)";
			};
			name = Release;
		};
/* End XCBuildConfiguration section */

/* Begin XCConfigurationList section */
		F65EA9721BDF018B00167F45 /* Build configuration list for PBXProject "ServerTest" */ = {
			isa = XCConfigurationList;
			buildConfigurations = (
				F65EA9821BDF018B00167F45 /* Debug */,
				F65EA9831BDF018B00167F45 /* Release */,
			);
			defaultConfigurationIsVisible = 0;
			defaultConfigurationName = Release;
		};
		F65EA9841BDF018B00167F45 /* Build configuration list for PBXNativeTarget "ServerTest" */ = {
			isa = XCConfigurationList;
			buildConfigurations = (
				F65EA9851BDF018B00167F45 /* Debug */,
				F65EA9861BDF018B00167F45 /* Release */,
			);
			defaultConfigurationIsVisible = 0;
			defaultConfigurationName = Release;
		};
/* End XCConfigurationList section */
	};
	rootObject = F65EA96F1BDF018B00167F45 /* Project object */;
}
